
Microsoft Visual Studio Solution File, Format Version 12.00
# Visual Studio 15
VisualStudioVersion = 15.0.27130.2027
MinimumVisualStudioVersion = 10.0.40219.1
Project("{FAE04EC0-301F-11D3-BF4B-00C04F79EFBC}") = "TestForGit", "TestForGit\TestForGit.csproj", "{DED03C7F-EB21-4C10-BE56-104D7B2F6A93}"
EndProject
Global
	GlobalSection(SolutionConfigurationPlatforms) = preSolution
		Debug|Any CPU = Debug|Any CPU
		Release|Any CPU = Release|Any CPU
	EndGlobalSection
	GlobalSection(ProjectConfigurationPlatforms) = postSolution
		{DED03C7F-EB21-4C10-BE56-104D7B2F6A93}.Debug|Any CPU.ActiveCfg = Debug|Any CPU
		{DED03C7F-EB21-4C10-BE56-104D7B2F6A93}.Debug|Any CPU.Build.0 = Debug|Any CPU
		{DED03C7F-EB21-4C10-BE56-104D7B2F6A93}.Release|Any CPU.ActiveCfg = Release|Any CPU
		{DED03C7F-EB21-4C10-BE56-104D7B2F6A93}.Release|Any CPU.Build.0 = Release|Any CPU
	EndGlobalSection
	GlobalSection(SolutionProperties) = preSolution
		HideSolutionNode = FALSE
	EndGlobalSection
	GlobalSection(ExtensibilityGlobals) = postSolution
		SolutionGuid = {5CCF24BF-20CA-422B-88AC-A855421C4764}
	EndGlobalSection
EndGlobal
